
Microsoft Visual Studio Solution File, Format Version 12.00
# Visual Studio Version 16
VisualStudioVersion = 16.0.32228.343
MinimumVisualStudioVersion = 10.0.40219.1
Project("{FAE04EC0-301F-11D3-BF4B-00C04F79EFBC}") = "Lista_Empregados", "Lista_Empregados\Lista_Empregados.csproj", "{633F6A3C-CD72-4A7B-B1E4-CA7E6BC2817B}"
EndProject
Global
	GlobalSection(SolutionConfigurationPlatforms) = preSolution
		Debug|Any CPU = Debug|Any CPU
		Release|Any CPU = Release|Any CPU
	EndGlobalSection
	GlobalSection(ProjectConfigurationPlatforms) = postSolution
		{633F6A3C-CD72-4A7B-B1E4-CA7E6BC2817B}.Debug|Any CPU.ActiveCfg = Debug|Any CPU
		{633F6A3C-CD72-4A7B-B1E4-CA7E6BC2817B}.Debug|Any CPU.Build.0 = Debug|Any CPU
		{633F6A3C-CD72-4A7B-B1E4-CA7E6BC2817B}.Release|Any CPU.ActiveCfg = Release|Any CPU
		{633F6A3C-CD72-4A7B-B1E4-CA7E6BC2817B}.Release|Any CPU.Build.0 = Release|Any CPU
	EndGlobalSection
	GlobalSection(SolutionProperties) = preSolution
		HideSolutionNode = FALSE
	EndGlobalSection
	GlobalSection(ExtensibilityGlobals) = postSolution
		SolutionGuid = {D421AF93-5474-470D-8841-D8CF8168BCCD}
	EndGlobalSection
EndGlobal
